
Microsoft Visual Studio Solution File, Format Version 12.00
# Visual Studio Version 16
VisualStudioVersion = 16.0.31911.196
MinimumVisualStudioVersion = 10.0.40219.1
Project("{FAE04EC0-301F-11D3-BF4B-00C04F79EFBC}") = "ExemploMVC2", "ExemploMVC2.csproj", "{08A7663C-B242-4493-831D-D6C0A06A850E}"
EndProject
Global
	GlobalSection(SolutionConfigurationPlatforms) = preSolution
		Debug|Any CPU = Debug|Any CPU
		Release|Any CPU = Release|Any CPU
	EndGlobalSection
	GlobalSection(ProjectConfigurationPlatforms) = postSolution
		{08A7663C-B242-4493-831D-D6C0A06A850E}.Debug|Any CPU.ActiveCfg = Debug|Any CPU
		{08A7663C-B242-4493-831D-D6C0A06A850E}.Debug|Any CPU.Build.0 = Debug|Any CPU
		{08A7663C-B242-4493-831D-D6C0A06A850E}.Release|Any CPU.ActiveCfg = Release|Any CPU
		{08A7663C-B242-4493-831D-D6C0A06A850E}.Release|Any CPU.Build.0 = Release|Any CPU
	EndGlobalSection
	GlobalSection(SolutionProperties) = preSolution
		HideSolutionNode = FALSE
	EndGlobalSection
	GlobalSection(ExtensibilityGlobals) = postSolution
		SolutionGuid = {B34C2315-DEF7-4AA5-AE4E-320473A9861C}
	EndGlobalSection
EndGlobal
